
Microsoft Visual Studio Solution File, Format Version 12.00
# Visual Studio Version 16
VisualStudioVersion = 16.0.33927.289
MinimumVisualStudioVersion = 10.0.40219.1
Project("{151D2E53-A2C4-4D7D-83FE-D05416EBD58E}") = "LBH_LA_HR_PAW3_HRPosition", "LBH_LA_HR_PAW3_HRPosition\LBH_LA_HR_PAW3_HRPosition.deployproj", "{0BF46A96-5BCC-4E7F-9D17-7FCAC975E1E3}"
EndProject
Global
	GlobalSection(SolutionConfigurationPlatforms) = preSolution
		Debug|Any CPU = Debug|Any CPU
		Release|Any CPU = Release|Any CPU
	EndGlobalSection
	GlobalSection(ProjectConfigurationPlatforms) = postSolution
		{0BF46A96-5BCC-4E7F-9D17-7FCAC975E1E3}.Debug|Any CPU.ActiveCfg = Debug|Any CPU
		{0BF46A96-5BCC-4E7F-9D17-7FCAC975E1E3}.Debug|Any CPU.Build.0 = Debug|Any CPU
		{0BF46A96-5BCC-4E7F-9D17-7FCAC975E1E3}.Release|Any CPU.ActiveCfg = Release|Any CPU
		{0BF46A96-5BCC-4E7F-9D17-7FCAC975E1E3}.Release|Any CPU.Build.0 = Release|Any CPU
	EndGlobalSection
	GlobalSection(SolutionProperties) = preSolution
		HideSolutionNode = FALSE
	EndGlobalSection
	GlobalSection(ExtensibilityGlobals) = postSolution
		SolutionGuid = {99E4C347-5ADF-4751-B73A-FA15F18808E9}
	EndGlobalSection
EndGlobal
