
Microsoft Visual Studio Solution File, Format Version 12.00
# Visual Studio Version 16
VisualStudioVersion = 16.0.33927.289
MinimumVisualStudioVersion = 10.0.40219.1
Project("{151D2E53-A2C4-4D7D-83FE-D05416EBD58E}") = "LBH_LA_MoveFilesFromStagingToSecured", "LBH_LA_MoveFilesFromStagingToSecured\LBH_LA_MoveFilesFromStagingToSecured.deployproj", "{C2163096-14FC-4150-A6AF-616B20AC3CC6}"
EndProject
Global
	GlobalSection(SolutionConfigurationPlatforms) = preSolution
		Debug|Any CPU = Debug|Any CPU
		Release|Any CPU = Release|Any CPU
	EndGlobalSection
	GlobalSection(ProjectConfigurationPlatforms) = postSolution
		{C2163096-14FC-4150-A6AF-616B20AC3CC6}.Debug|Any CPU.ActiveCfg = Debug|Any CPU
		{C2163096-14FC-4150-A6AF-616B20AC3CC6}.Debug|Any CPU.Build.0 = Debug|Any CPU
		{C2163096-14FC-4150-A6AF-616B20AC3CC6}.Release|Any CPU.ActiveCfg = Release|Any CPU
		{C2163096-14FC-4150-A6AF-616B20AC3CC6}.Release|Any CPU.Build.0 = Release|Any CPU
	EndGlobalSection
	GlobalSection(SolutionProperties) = preSolution
		HideSolutionNode = FALSE
	EndGlobalSection
	GlobalSection(ExtensibilityGlobals) = postSolution
		SolutionGuid = {7695070D-E8C4-4516-ABB1-405710CF55F9}
	EndGlobalSection
EndGlobal
