
Microsoft Visual Studio Solution File, Format Version 12.00
# Visual Studio Version 16
VisualStudioVersion = 16.0.33927.289
MinimumVisualStudioVersion = 10.0.40219.1
Project("{151D2E53-A2C4-4D7D-83FE-D05416EBD58E}") = "LBH_LA_HR_CIV1_EmployeeInfo", "LBH_LA_HR_CIV1_EmployeeInfo\LBH_LA_HR_CIV1_EmployeeInfo.deployproj", "{01CCE55B-1FC7-4CDD-9A49-C742EB6A15AD}"
EndProject
Global
	GlobalSection(SolutionConfigurationPlatforms) = preSolution
		Debug|Any CPU = Debug|Any CPU
		Release|Any CPU = Release|Any CPU
	EndGlobalSection
	GlobalSection(ProjectConfigurationPlatforms) = postSolution
		{01CCE55B-1FC7-4CDD-9A49-C742EB6A15AD}.Debug|Any CPU.ActiveCfg = Debug|Any CPU
		{01CCE55B-1FC7-4CDD-9A49-C742EB6A15AD}.Debug|Any CPU.Build.0 = Debug|Any CPU
		{01CCE55B-1FC7-4CDD-9A49-C742EB6A15AD}.Release|Any CPU.ActiveCfg = Release|Any CPU
		{01CCE55B-1FC7-4CDD-9A49-C742EB6A15AD}.Release|Any CPU.Build.0 = Release|Any CPU
	EndGlobalSection
	GlobalSection(SolutionProperties) = preSolution
		HideSolutionNode = FALSE
	EndGlobalSection
	GlobalSection(ExtensibilityGlobals) = postSolution
		SolutionGuid = {720B481F-6FDD-41B6-8BA0-1F463722F988}
	EndGlobalSection
EndGlobal
