
Microsoft Visual Studio Solution File, Format Version 12.00
# Visual Studio Version 16
VisualStudioVersion = 16.0.33927.289
MinimumVisualStudioVersion = 10.0.40219.1
Project("{151D2E53-A2C4-4D7D-83FE-D05416EBD58E}") = "LBH_LA_FIN_HRFO_JobPosition", "LBH_LA_FIN_HRFO_JobPosition\LBH_LA_FIN_HRFO_JobPosition.deployproj", "{66428728-13D8-4055-AAAC-803266FD8CD2}"
EndProject
Global
	GlobalSection(SolutionConfigurationPlatforms) = preSolution
		Debug|Any CPU = Debug|Any CPU
		Release|Any CPU = Release|Any CPU
	EndGlobalSection
	GlobalSection(ProjectConfigurationPlatforms) = postSolution
		{66428728-13D8-4055-AAAC-803266FD8CD2}.Debug|Any CPU.ActiveCfg = Debug|Any CPU
		{66428728-13D8-4055-AAAC-803266FD8CD2}.Debug|Any CPU.Build.0 = Debug|Any CPU
		{66428728-13D8-4055-AAAC-803266FD8CD2}.Release|Any CPU.ActiveCfg = Release|Any CPU
		{66428728-13D8-4055-AAAC-803266FD8CD2}.Release|Any CPU.Build.0 = Release|Any CPU
	EndGlobalSection
	GlobalSection(SolutionProperties) = preSolution
		HideSolutionNode = FALSE
	EndGlobalSection
	GlobalSection(ExtensibilityGlobals) = postSolution
		SolutionGuid = {F7179EF7-2860-425A-B6CC-3092D767D0CA}
	EndGlobalSection
EndGlobal
