
Microsoft Visual Studio Solution File, Format Version 12.00
# Visual Studio Version 16
VisualStudioVersion = 16.0.33927.289
MinimumVisualStudioVersion = 10.0.40219.1
Project("{151D2E53-A2C4-4D7D-83FE-D05416EBD58E}") = "PwC_LA_HRFO_FinancialDimension_PreProd", "PwC_LA_HRFO_FinancialDimension_PreProd\PwC_LA_HRFO_FinancialDimension_PreProd.deployproj", "{B8E0B04C-2812-402B-A6E5-A82E77796103}"
EndProject
Global
	GlobalSection(SolutionConfigurationPlatforms) = preSolution
		Debug|Any CPU = Debug|Any CPU
		Release|Any CPU = Release|Any CPU
	EndGlobalSection
	GlobalSection(ProjectConfigurationPlatforms) = postSolution
		{B8E0B04C-2812-402B-A6E5-A82E77796103}.Debug|Any CPU.ActiveCfg = Debug|Any CPU
		{B8E0B04C-2812-402B-A6E5-A82E77796103}.Debug|Any CPU.Build.0 = Debug|Any CPU
		{B8E0B04C-2812-402B-A6E5-A82E77796103}.Release|Any CPU.ActiveCfg = Release|Any CPU
		{B8E0B04C-2812-402B-A6E5-A82E77796103}.Release|Any CPU.Build.0 = Release|Any CPU
	EndGlobalSection
	GlobalSection(SolutionProperties) = preSolution
		HideSolutionNode = FALSE
	EndGlobalSection
	GlobalSection(ExtensibilityGlobals) = postSolution
		SolutionGuid = {AF74E246-6F09-4DA9-B2A3-600A6569709E}
	EndGlobalSection
EndGlobal
