
Microsoft Visual Studio Solution File, Format Version 12.00
# Visual Studio Version 16
VisualStudioVersion = 16.0.33927.289
MinimumVisualStudioVersion = 10.0.40219.1
Project("{151D2E53-A2C4-4D7D-83FE-D05416EBD58E}") = "LBH_LA_FIN_PAW2b_CostCentreHierarchy", "LBH_LA_FIN_PAW2b_CostCentreHierarchy\LBH_LA_FIN_PAW2b_CostCentreHierarchy.deployproj", "{91D670E9-F93F-4C0C-ACEF-674389D44236}"
EndProject
Global
	GlobalSection(SolutionConfigurationPlatforms) = preSolution
		Debug|Any CPU = Debug|Any CPU
		Release|Any CPU = Release|Any CPU
	EndGlobalSection
	GlobalSection(ProjectConfigurationPlatforms) = postSolution
		{91D670E9-F93F-4C0C-ACEF-674389D44236}.Debug|Any CPU.ActiveCfg = Debug|Any CPU
		{91D670E9-F93F-4C0C-ACEF-674389D44236}.Debug|Any CPU.Build.0 = Debug|Any CPU
		{91D670E9-F93F-4C0C-ACEF-674389D44236}.Release|Any CPU.ActiveCfg = Release|Any CPU
		{91D670E9-F93F-4C0C-ACEF-674389D44236}.Release|Any CPU.Build.0 = Release|Any CPU
	EndGlobalSection
	GlobalSection(SolutionProperties) = preSolution
		HideSolutionNode = FALSE
	EndGlobalSection
	GlobalSection(ExtensibilityGlobals) = postSolution
		SolutionGuid = {04D61490-C2E9-4F79-AD3E-5E6C567606FA}
	EndGlobalSection
EndGlobal
