
Microsoft Visual Studio Solution File, Format Version 12.00
# Visual Studio Version 16
VisualStudioVersion = 16.0.33927.289
MinimumVisualStudioVersion = 10.0.40219.1
Project("{151D2E53-A2C4-4D7D-83FE-D05416EBD58E}") = "LBH_LA_HR_PAW3_HRPosition", "LBH_LA_HR_PAW3_HRPosition\LBH_LA_HR_PAW3_HRPosition.deployproj", "{F70706F4-292C-4258-BF62-203424C70A67}"
EndProject
Global
	GlobalSection(SolutionConfigurationPlatforms) = preSolution
		Debug|Any CPU = Debug|Any CPU
		Release|Any CPU = Release|Any CPU
	EndGlobalSection
	GlobalSection(ProjectConfigurationPlatforms) = postSolution
		{F70706F4-292C-4258-BF62-203424C70A67}.Debug|Any CPU.ActiveCfg = Debug|Any CPU
		{F70706F4-292C-4258-BF62-203424C70A67}.Debug|Any CPU.Build.0 = Debug|Any CPU
		{F70706F4-292C-4258-BF62-203424C70A67}.Release|Any CPU.ActiveCfg = Release|Any CPU
		{F70706F4-292C-4258-BF62-203424C70A67}.Release|Any CPU.Build.0 = Release|Any CPU
	EndGlobalSection
	GlobalSection(SolutionProperties) = preSolution
		HideSolutionNode = FALSE
	EndGlobalSection
	GlobalSection(ExtensibilityGlobals) = postSolution
		SolutionGuid = {72F9F7DF-2853-4A54-A8DA-10A7132E18D2}
	EndGlobalSection
EndGlobal
