
Microsoft Visual Studio Solution File, Format Version 12.00
# Visual Studio Version 16
VisualStudioVersion = 16.0.33927.289
MinimumVisualStudioVersion = 10.0.40219.1
Project("{151D2E53-A2C4-4D7D-83FE-D05416EBD58E}") = "LBH_LA_FIN_PAW2a_CostCentre", "LBH_LA_FIN_PAW2a_CostCentre\LBH_LA_FIN_PAW2a_CostCentre.deployproj", "{5194BFB2-03A7-44B8-B9E7-90C92DE98486}"
EndProject
Global
	GlobalSection(SolutionConfigurationPlatforms) = preSolution
		Debug|Any CPU = Debug|Any CPU
		Release|Any CPU = Release|Any CPU
	EndGlobalSection
	GlobalSection(ProjectConfigurationPlatforms) = postSolution
		{5194BFB2-03A7-44B8-B9E7-90C92DE98486}.Debug|Any CPU.ActiveCfg = Debug|Any CPU
		{5194BFB2-03A7-44B8-B9E7-90C92DE98486}.Debug|Any CPU.Build.0 = Debug|Any CPU
		{5194BFB2-03A7-44B8-B9E7-90C92DE98486}.Release|Any CPU.ActiveCfg = Release|Any CPU
		{5194BFB2-03A7-44B8-B9E7-90C92DE98486}.Release|Any CPU.Build.0 = Release|Any CPU
	EndGlobalSection
	GlobalSection(SolutionProperties) = preSolution
		HideSolutionNode = FALSE
	EndGlobalSection
	GlobalSection(ExtensibilityGlobals) = postSolution
		SolutionGuid = {21111AF9-B9E3-429F-9859-B71ED695DD39}
	EndGlobalSection
EndGlobal
