
Microsoft Visual Studio Solution File, Format Version 12.00
# Visual Studio Version 16
VisualStudioVersion = 16.0.33927.289
MinimumVisualStudioVersion = 10.0.40219.1
Project("{151D2E53-A2C4-4D7D-83FE-D05416EBD58E}") = "PwC_LA_FIN_HRFO_EmployeeCertificate_PreProd", "PwC_LA_FIN_HRFO_EmployeeCertificate_PreProd\PwC_LA_FIN_HRFO_EmployeeCertificate_PreProd.deployproj", "{4589A35C-1DE4-485E-B933-5F3065BDB99B}"
EndProject
Global
	GlobalSection(SolutionConfigurationPlatforms) = preSolution
		Debug|Any CPU = Debug|Any CPU
		Release|Any CPU = Release|Any CPU
	EndGlobalSection
	GlobalSection(ProjectConfigurationPlatforms) = postSolution
		{4589A35C-1DE4-485E-B933-5F3065BDB99B}.Debug|Any CPU.ActiveCfg = Debug|Any CPU
		{4589A35C-1DE4-485E-B933-5F3065BDB99B}.Debug|Any CPU.Build.0 = Debug|Any CPU
		{4589A35C-1DE4-485E-B933-5F3065BDB99B}.Release|Any CPU.ActiveCfg = Release|Any CPU
		{4589A35C-1DE4-485E-B933-5F3065BDB99B}.Release|Any CPU.Build.0 = Release|Any CPU
	EndGlobalSection
	GlobalSection(SolutionProperties) = preSolution
		HideSolutionNode = FALSE
	EndGlobalSection
	GlobalSection(ExtensibilityGlobals) = postSolution
		SolutionGuid = {34CB407E-6087-4F69-9DBF-65FDD243A30A}
	EndGlobalSection
EndGlobal
