
Microsoft Visual Studio Solution File, Format Version 12.00
# Visual Studio Version 16
VisualStudioVersion = 16.0.33927.289
MinimumVisualStudioVersion = 10.0.40219.1
Project("{151D2E53-A2C4-4D7D-83FE-D05416EBD58E}") = "LBH_LA_SCM_ACC1_AUDDISSendtoSFTP", "LBH_LA_SCM_ACC1_AUDDISSendtoSFTP\LBH_LA_SCM_ACC1_AUDDISSendtoSFTP.deployproj", "{EA74624B-A350-4718-879C-5B088E7D87C2}"
EndProject
Global
	GlobalSection(SolutionConfigurationPlatforms) = preSolution
		Debug|Any CPU = Debug|Any CPU
		Release|Any CPU = Release|Any CPU
	EndGlobalSection
	GlobalSection(ProjectConfigurationPlatforms) = postSolution
		{EA74624B-A350-4718-879C-5B088E7D87C2}.Debug|Any CPU.ActiveCfg = Debug|Any CPU
		{EA74624B-A350-4718-879C-5B088E7D87C2}.Debug|Any CPU.Build.0 = Debug|Any CPU
		{EA74624B-A350-4718-879C-5B088E7D87C2}.Release|Any CPU.ActiveCfg = Release|Any CPU
		{EA74624B-A350-4718-879C-5B088E7D87C2}.Release|Any CPU.Build.0 = Release|Any CPU
	EndGlobalSection
	GlobalSection(SolutionProperties) = preSolution
		HideSolutionNode = FALSE
	EndGlobalSection
	GlobalSection(ExtensibilityGlobals) = postSolution
		SolutionGuid = {C1D6D6B6-E73D-4635-B022-B00D4F5E051A}
	EndGlobalSection
EndGlobal
