
Microsoft Visual Studio Solution File, Format Version 12.00
# Visual Studio Version 16
VisualStudioVersion = 16.0.33927.289
MinimumVisualStudioVersion = 10.0.40219.1
Project("{151D2E53-A2C4-4D7D-83FE-D05416EBD58E}") = "LBH_LA_HR_TOT1_HRPosition", "LBH_LA_HR_TOT1_HRPosition\LBH_LA_HR_TOT1_HRPosition.deployproj", "{5EF2CFC5-0F8A-4957-8D69-283A1D35C1D3}"
EndProject
Global
	GlobalSection(SolutionConfigurationPlatforms) = preSolution
		Debug|Any CPU = Debug|Any CPU
		Release|Any CPU = Release|Any CPU
	EndGlobalSection
	GlobalSection(ProjectConfigurationPlatforms) = postSolution
		{5EF2CFC5-0F8A-4957-8D69-283A1D35C1D3}.Debug|Any CPU.ActiveCfg = Debug|Any CPU
		{5EF2CFC5-0F8A-4957-8D69-283A1D35C1D3}.Debug|Any CPU.Build.0 = Debug|Any CPU
		{5EF2CFC5-0F8A-4957-8D69-283A1D35C1D3}.Release|Any CPU.ActiveCfg = Release|Any CPU
		{5EF2CFC5-0F8A-4957-8D69-283A1D35C1D3}.Release|Any CPU.Build.0 = Release|Any CPU
	EndGlobalSection
	GlobalSection(SolutionProperties) = preSolution
		HideSolutionNode = FALSE
	EndGlobalSection
	GlobalSection(ExtensibilityGlobals) = postSolution
		SolutionGuid = {A27A0B77-197B-43DA-9E26-AEB6490EA483}
	EndGlobalSection
EndGlobal
