
Microsoft Visual Studio Solution File, Format Version 12.00
# Visual Studio Version 16
VisualStudioVersion = 16.0.33927.289
MinimumVisualStudioVersion = 10.0.40219.1
Project("{151D2E53-A2C4-4D7D-83FE-D05416EBD58E}") = "LBH_LA_FIN_HRFO_CompensationMasters", "LBH_LA_FIN_HRFO_CompensationMasters\LBH_LA_FIN_HRFO_CompensationMasters.deployproj", "{4CCF90CE-4A5E-4576-B52F-D25B0B122E33}"
EndProject
Global
	GlobalSection(SolutionConfigurationPlatforms) = preSolution
		Debug|Any CPU = Debug|Any CPU
		Release|Any CPU = Release|Any CPU
	EndGlobalSection
	GlobalSection(ProjectConfigurationPlatforms) = postSolution
		{4CCF90CE-4A5E-4576-B52F-D25B0B122E33}.Debug|Any CPU.ActiveCfg = Debug|Any CPU
		{4CCF90CE-4A5E-4576-B52F-D25B0B122E33}.Debug|Any CPU.Build.0 = Debug|Any CPU
		{4CCF90CE-4A5E-4576-B52F-D25B0B122E33}.Release|Any CPU.ActiveCfg = Release|Any CPU
		{4CCF90CE-4A5E-4576-B52F-D25B0B122E33}.Release|Any CPU.Build.0 = Release|Any CPU
	EndGlobalSection
	GlobalSection(SolutionProperties) = preSolution
		HideSolutionNode = FALSE
	EndGlobalSection
	GlobalSection(ExtensibilityGlobals) = postSolution
		SolutionGuid = {9A6AFB58-1589-4D46-AF62-F105D8EDBD49}
	EndGlobalSection
EndGlobal
