
Microsoft Visual Studio Solution File, Format Version 12.00
# Visual Studio Version 16
VisualStudioVersion = 16.0.33927.289
MinimumVisualStudioVersion = 10.0.40219.1
Project("{151D2E53-A2C4-4D7D-83FE-D05416EBD58E}") = "LBH_LA_FIN_FMS3b_GLLineExport", "LBH_LA_FIN_FMS3b_GLLineExport\LBH_LA_FIN_FMS3b_GLLineExport.deployproj", "{B97F956A-8B51-42BA-B412-A7261C5DAD85}"
EndProject
Global
	GlobalSection(SolutionConfigurationPlatforms) = preSolution
		Debug|Any CPU = Debug|Any CPU
		Release|Any CPU = Release|Any CPU
	EndGlobalSection
	GlobalSection(ProjectConfigurationPlatforms) = postSolution
		{B97F956A-8B51-42BA-B412-A7261C5DAD85}.Debug|Any CPU.ActiveCfg = Debug|Any CPU
		{B97F956A-8B51-42BA-B412-A7261C5DAD85}.Debug|Any CPU.Build.0 = Debug|Any CPU
		{B97F956A-8B51-42BA-B412-A7261C5DAD85}.Release|Any CPU.ActiveCfg = Release|Any CPU
		{B97F956A-8B51-42BA-B412-A7261C5DAD85}.Release|Any CPU.Build.0 = Release|Any CPU
	EndGlobalSection
	GlobalSection(SolutionProperties) = preSolution
		HideSolutionNode = FALSE
	EndGlobalSection
	GlobalSection(ExtensibilityGlobals) = postSolution
		SolutionGuid = {FB04DF12-D04A-495C-9355-2384E4E19480}
	EndGlobalSection
EndGlobal
