
Microsoft Visual Studio Solution File, Format Version 12.00
# Visual Studio Version 16
VisualStudioVersion = 16.0.33927.289
MinimumVisualStudioVersion = 10.0.40219.1
Project("{151D2E53-A2C4-4D7D-83FE-D05416EBD58E}") = "LBH_LA_HRFO_FinancialDimension", "LBH_LA_HRFO_FinancialDimension\LBH_LA_HRFO_FinancialDimension.deployproj", "{383C9AD8-DDC4-45B2-8F25-335F354CEC45}"
EndProject
Global
	GlobalSection(SolutionConfigurationPlatforms) = preSolution
		Debug|Any CPU = Debug|Any CPU
		Release|Any CPU = Release|Any CPU
	EndGlobalSection
	GlobalSection(ProjectConfigurationPlatforms) = postSolution
		{383C9AD8-DDC4-45B2-8F25-335F354CEC45}.Debug|Any CPU.ActiveCfg = Debug|Any CPU
		{383C9AD8-DDC4-45B2-8F25-335F354CEC45}.Debug|Any CPU.Build.0 = Debug|Any CPU
		{383C9AD8-DDC4-45B2-8F25-335F354CEC45}.Release|Any CPU.ActiveCfg = Release|Any CPU
		{383C9AD8-DDC4-45B2-8F25-335F354CEC45}.Release|Any CPU.Build.0 = Release|Any CPU
	EndGlobalSection
	GlobalSection(SolutionProperties) = preSolution
		HideSolutionNode = FALSE
	EndGlobalSection
	GlobalSection(ExtensibilityGlobals) = postSolution
		SolutionGuid = {6C94123B-F083-43BA-B116-9F99CD6E0770}
	EndGlobalSection
EndGlobal
