
Microsoft Visual Studio Solution File, Format Version 12.00
# Visual Studio Version 16
VisualStudioVersion = 16.0.33927.289
MinimumVisualStudioVersion = 10.0.40219.1
Project("{151D2E53-A2C4-4D7D-83FE-D05416EBD58E}") = "LBH_LA_SCM_CIV2_Customer", "LBH_LA_SCM_CIV2_Customer\LBH_LA_SCM_CIV2_Customer.deployproj", "{CE6A8968-6AFD-47CB-B18B-B1B2B0E2F869}"
EndProject
Global
	GlobalSection(SolutionConfigurationPlatforms) = preSolution
		Debug|Any CPU = Debug|Any CPU
		Release|Any CPU = Release|Any CPU
	EndGlobalSection
	GlobalSection(ProjectConfigurationPlatforms) = postSolution
		{CE6A8968-6AFD-47CB-B18B-B1B2B0E2F869}.Debug|Any CPU.ActiveCfg = Debug|Any CPU
		{CE6A8968-6AFD-47CB-B18B-B1B2B0E2F869}.Debug|Any CPU.Build.0 = Debug|Any CPU
		{CE6A8968-6AFD-47CB-B18B-B1B2B0E2F869}.Release|Any CPU.ActiveCfg = Release|Any CPU
		{CE6A8968-6AFD-47CB-B18B-B1B2B0E2F869}.Release|Any CPU.Build.0 = Release|Any CPU
	EndGlobalSection
	GlobalSection(SolutionProperties) = preSolution
		HideSolutionNode = FALSE
	EndGlobalSection
	GlobalSection(ExtensibilityGlobals) = postSolution
		SolutionGuid = {DEBF566E-D232-4EBE-B510-9C2ED1629BC3}
	EndGlobalSection
EndGlobal
