
Microsoft Visual Studio Solution File, Format Version 12.00
# Visual Studio Version 16
VisualStudioVersion = 16.0.33927.289
MinimumVisualStudioVersion = 10.0.40219.1
Project("{151D2E53-A2C4-4D7D-83FE-D05416EBD58E}") = "PwC_LA_HRFO_JobNew1_PreProd", "PwC_LA_HRFO_JobNew1_PreProd\PwC_LA_HRFO_JobNew1_PreProd.deployproj", "{92CFFE9F-B1F6-4A77-80D6-6095A9EC58A4}"
EndProject
Global
	GlobalSection(SolutionConfigurationPlatforms) = preSolution
		Debug|Any CPU = Debug|Any CPU
		Release|Any CPU = Release|Any CPU
	EndGlobalSection
	GlobalSection(ProjectConfigurationPlatforms) = postSolution
		{92CFFE9F-B1F6-4A77-80D6-6095A9EC58A4}.Debug|Any CPU.ActiveCfg = Debug|Any CPU
		{92CFFE9F-B1F6-4A77-80D6-6095A9EC58A4}.Debug|Any CPU.Build.0 = Debug|Any CPU
		{92CFFE9F-B1F6-4A77-80D6-6095A9EC58A4}.Release|Any CPU.ActiveCfg = Release|Any CPU
		{92CFFE9F-B1F6-4A77-80D6-6095A9EC58A4}.Release|Any CPU.Build.0 = Release|Any CPU
	EndGlobalSection
	GlobalSection(SolutionProperties) = preSolution
		HideSolutionNode = FALSE
	EndGlobalSection
	GlobalSection(ExtensibilityGlobals) = postSolution
		SolutionGuid = {AD0450B9-7C05-48D7-A1B0-5240B98268DF}
	EndGlobalSection
EndGlobal
