
Microsoft Visual Studio Solution File, Format Version 12.00
# Visual Studio Version 16
VisualStudioVersion = 16.0.33927.289
MinimumVisualStudioVersion = 10.0.40219.1
Project("{151D2E53-A2C4-4D7D-83FE-D05416EBD58E}") = "LBH_LA_FIN_SIM3a_GLLineImport_New", "LBH_LA_FIN_SIM3a_GLLineImport_New\LBH_LA_FIN_SIM3a_GLLineImport_New.deployproj", "{CF3D1E4B-5D8E-4921-8BD3-F52E19BCDD96}"
EndProject
Global
	GlobalSection(SolutionConfigurationPlatforms) = preSolution
		Debug|Any CPU = Debug|Any CPU
		Release|Any CPU = Release|Any CPU
	EndGlobalSection
	GlobalSection(ProjectConfigurationPlatforms) = postSolution
		{CF3D1E4B-5D8E-4921-8BD3-F52E19BCDD96}.Debug|Any CPU.ActiveCfg = Debug|Any CPU
		{CF3D1E4B-5D8E-4921-8BD3-F52E19BCDD96}.Debug|Any CPU.Build.0 = Debug|Any CPU
		{CF3D1E4B-5D8E-4921-8BD3-F52E19BCDD96}.Release|Any CPU.ActiveCfg = Release|Any CPU
		{CF3D1E4B-5D8E-4921-8BD3-F52E19BCDD96}.Release|Any CPU.Build.0 = Release|Any CPU
	EndGlobalSection
	GlobalSection(SolutionProperties) = preSolution
		HideSolutionNode = FALSE
	EndGlobalSection
	GlobalSection(ExtensibilityGlobals) = postSolution
		SolutionGuid = {E8B31ECA-8A99-4EAD-AE1B-362742C09074}
	EndGlobalSection
EndGlobal
