
Microsoft Visual Studio Solution File, Format Version 12.00
# Visual Studio Version 16
VisualStudioVersion = 16.0.33927.289
MinimumVisualStudioVersion = 10.0.40219.1
Project("{151D2E53-A2C4-4D7D-83FE-D05416EBD58E}") = "PwC_LA_FIN_HRFO_JobPosition_PreProd", "PwC_LA_FIN_HRFO_JobPosition_PreProd\PwC_LA_FIN_HRFO_JobPosition_PreProd.deployproj", "{2443771C-3A9A-4231-AEA4-3E451F702531}"
EndProject
Global
	GlobalSection(SolutionConfigurationPlatforms) = preSolution
		Debug|Any CPU = Debug|Any CPU
		Release|Any CPU = Release|Any CPU
	EndGlobalSection
	GlobalSection(ProjectConfigurationPlatforms) = postSolution
		{2443771C-3A9A-4231-AEA4-3E451F702531}.Debug|Any CPU.ActiveCfg = Debug|Any CPU
		{2443771C-3A9A-4231-AEA4-3E451F702531}.Debug|Any CPU.Build.0 = Debug|Any CPU
		{2443771C-3A9A-4231-AEA4-3E451F702531}.Release|Any CPU.ActiveCfg = Release|Any CPU
		{2443771C-3A9A-4231-AEA4-3E451F702531}.Release|Any CPU.Build.0 = Release|Any CPU
	EndGlobalSection
	GlobalSection(SolutionProperties) = preSolution
		HideSolutionNode = FALSE
	EndGlobalSection
	GlobalSection(ExtensibilityGlobals) = postSolution
		SolutionGuid = {5205A0F8-4BB3-47A6-AF32-D0B3E06F3049}
	EndGlobalSection
EndGlobal
