
Microsoft Visual Studio Solution File, Format Version 12.00
# Visual Studio Version 16
VisualStudioVersion = 16.0.33927.289
MinimumVisualStudioVersion = 10.0.40219.1
Project("{151D2E53-A2C4-4D7D-83FE-D05416EBD58E}") = "LBH_LA_FIN_HRFO_Employee_2", "LBH_LA_FIN_HRFO_Employee_2\LBH_LA_FIN_HRFO_Employee_2.deployproj", "{C892C6CD-5954-4FCE-9C96-5B5962D954D4}"
EndProject
Global
	GlobalSection(SolutionConfigurationPlatforms) = preSolution
		Debug|Any CPU = Debug|Any CPU
		Release|Any CPU = Release|Any CPU
	EndGlobalSection
	GlobalSection(ProjectConfigurationPlatforms) = postSolution
		{C892C6CD-5954-4FCE-9C96-5B5962D954D4}.Debug|Any CPU.ActiveCfg = Debug|Any CPU
		{C892C6CD-5954-4FCE-9C96-5B5962D954D4}.Debug|Any CPU.Build.0 = Debug|Any CPU
		{C892C6CD-5954-4FCE-9C96-5B5962D954D4}.Release|Any CPU.ActiveCfg = Release|Any CPU
		{C892C6CD-5954-4FCE-9C96-5B5962D954D4}.Release|Any CPU.Build.0 = Release|Any CPU
	EndGlobalSection
	GlobalSection(SolutionProperties) = preSolution
		HideSolutionNode = FALSE
	EndGlobalSection
	GlobalSection(ExtensibilityGlobals) = postSolution
		SolutionGuid = {A3A1B8DA-24C4-4964-819F-041F5FC2CA16}
	EndGlobalSection
EndGlobal
