
Microsoft Visual Studio Solution File, Format Version 12.00
# Visual Studio Version 16
VisualStudioVersion = 16.0.33927.289
MinimumVisualStudioVersion = 10.0.40219.1
Project("{151D2E53-A2C4-4D7D-83FE-D05416EBD58E}") = "LBH_LA_ACCMoveAFSFiles", "LBH_LA_ACCMoveAFSFiles\LBH_LA_ACCMoveAFSFiles.deployproj", "{EAC9AC3C-550E-418B-924B-7329066DA18E}"
EndProject
Global
	GlobalSection(SolutionConfigurationPlatforms) = preSolution
		Debug|Any CPU = Debug|Any CPU
		Release|Any CPU = Release|Any CPU
	EndGlobalSection
	GlobalSection(ProjectConfigurationPlatforms) = postSolution
		{EAC9AC3C-550E-418B-924B-7329066DA18E}.Debug|Any CPU.ActiveCfg = Debug|Any CPU
		{EAC9AC3C-550E-418B-924B-7329066DA18E}.Debug|Any CPU.Build.0 = Debug|Any CPU
		{EAC9AC3C-550E-418B-924B-7329066DA18E}.Release|Any CPU.ActiveCfg = Release|Any CPU
		{EAC9AC3C-550E-418B-924B-7329066DA18E}.Release|Any CPU.Build.0 = Release|Any CPU
	EndGlobalSection
	GlobalSection(SolutionProperties) = preSolution
		HideSolutionNode = FALSE
	EndGlobalSection
	GlobalSection(ExtensibilityGlobals) = postSolution
		SolutionGuid = {707B9DD2-41C1-4EF8-AD5B-83733B734B13}
	EndGlobalSection
EndGlobal
