
Microsoft Visual Studio Solution File, Format Version 12.00
# Visual Studio Version 16
VisualStudioVersion = 16.0.33927.289
MinimumVisualStudioVersion = 10.0.40219.1
Project("{151D2E53-A2C4-4D7D-83FE-D05416EBD58E}") = "LBH_LA_FIN_PAW2a_CostCentre", "LBH_LA_FIN_PAW2a_CostCentre\LBH_LA_FIN_PAW2a_CostCentre.deployproj", "{D74DC33D-3706-4641-BE04-945CED523F7D}"
EndProject
Global
	GlobalSection(SolutionConfigurationPlatforms) = preSolution
		Debug|Any CPU = Debug|Any CPU
		Release|Any CPU = Release|Any CPU
	EndGlobalSection
	GlobalSection(ProjectConfigurationPlatforms) = postSolution
		{D74DC33D-3706-4641-BE04-945CED523F7D}.Debug|Any CPU.ActiveCfg = Debug|Any CPU
		{D74DC33D-3706-4641-BE04-945CED523F7D}.Debug|Any CPU.Build.0 = Debug|Any CPU
		{D74DC33D-3706-4641-BE04-945CED523F7D}.Release|Any CPU.ActiveCfg = Release|Any CPU
		{D74DC33D-3706-4641-BE04-945CED523F7D}.Release|Any CPU.Build.0 = Release|Any CPU
	EndGlobalSection
	GlobalSection(SolutionProperties) = preSolution
		HideSolutionNode = FALSE
	EndGlobalSection
	GlobalSection(ExtensibilityGlobals) = postSolution
		SolutionGuid = {246CCD82-2177-4439-ABF7-91257E4B4404}
	EndGlobalSection
EndGlobal
